PODS:
  - SDWebImage (5.11.1):
    - SDWebImage/Core (= 5.11.1)
  - SDWebImage/Core (5.11.1)
  - SwiftyJSON (5.0.1)

DEPENDENCIES:
  - SDWebImage
  - SwiftyJSON

SPEC REPOS:
  trunk:
    - SDWebImage
    - SwiftyJSON

SPEC CHECKSUMS:
  SDWebImage: a7f831e1a65eb5e285e3fb046a23fcfbf08e696d
  SwiftyJSON: 2f33a42c6fbc52764d96f13368585094bfd8aa5e

PODFILE CHECKSUM: 418a93d6fd32196ee715e55e955f16b0b3e6be57

COCOAPODS: 1.10.1
